// !$*UTF8*$!
{
	archiveVersion = 1;
	classes = {
	};
	objectVersion = 46;
	objects = {

/* Begin PBXBuildFile section */
		7922495F1D6CFDE700493AB5 /* THBasicTableViewController.m in Sources */ = {isa = PBXBuildFile; fileRef = 7922495E1D6CFDE700493AB5 /* THBasicTableViewController.m */; };
		79224C411D6DE47900493AB5 /* THPlaylistsViewModel.m in Sources */ = {isa = PBXBuildFile; fileRef = 79224C3F1D6DE47900493AB5 /* THPlaylistsViewModel.m */; };
		79224C421D6DE47900493AB5 /* THWordsViewModel.m in Sources */ = {isa = PBXBuildFile; fileRef = 79224C401D6DE47900493AB5 /* THWordsViewModel.m */; };
		793B46DA1D75C51F00376E20 /* THWordsManager.m in Sources */ = {isa = PBXBuildFile; fileRef = 793B46D91D75C51F00376E20 /* THWordsManager.m */; };
		793DD0191D69A10B0006B6D1 /* THMetadata.m in Sources */ = {isa = PBXBuildFile; fileRef = 793DD0181D69A10B0006B6D1 /* THMetadata.m */; };
		793DD01C1D69A5220006B6D1 /* THWord.m in Sources */ = {isa = PBXBuildFile; fileRef = 793DD01B1D69A5220006B6D1 /* THWord.m */; };
		794195471D4D82AE00918B38 /* main.m in Sources */ = {isa = PBXBuildFile; fileRef = 794195461D4D82AE00918B38 /* main.m */; };
		7941954A1D4D82E200918B38 /* THAppDelegate.m in Sources */ = {isa = PBXBuildFile; fileRef = 794195491D4D82E200918B38 /* THAppDelegate.m */; };
		7941954C1D4D832700918B38 /* Assets.xcassets in Resources */ = {isa = PBXBuildFile; fileRef = 7941954B1D4D832700918B38 /* Assets.xcassets */; };
		794500391D774D7C00A9C491 /* THPlayViewModel.m in Sources */ = {isa = PBXBuildFile; fileRef = 79224C3B1D6DD28900493AB5 /* THPlayViewModel.m */; };
		79487B371D3A7EBD00FF42AA /* THFileCenter.m in Sources */ = {isa = PBXBuildFile; fileRef = 79487B361D3A7EBD00FF42AA /* THFileCenter.m */; };
		79487B3A1D3A8F8500FF42AA /* THPlaylist.m in Sources */ = {isa = PBXBuildFile; fileRef = 79487B391D3A8F8500FF42AA /* THPlaylist.m */; };
		79487B3D1D3A90A000FF42AA /* THDepot.m in Sources */ = {isa = PBXBuildFile; fileRef = 79487B3C1D3A90A000FF42AA /* THDepot.m */; };
		79487B401D3C430F00FF42AA /* THHelpers.m in Sources */ = {isa = PBXBuildFile; fileRef = 79487B3F1D3C430F00FF42AA /* THHelpers.m */; };
		794FBCFC1D45D78500055E21 /* THKeyboard.m in Sources */ = {isa = PBXBuildFile; fileRef = 794FBCF21D45D78500055E21 /* THKeyboard.m */; };
		794FBCFD1D45D78500055E21 /* THKeyboardCell.m in Sources */ = {isa = PBXBuildFile; fileRef = 794FBCF41D45D78500055E21 /* THKeyboardCell.m */; };
		794FBCFE1D45D78500055E21 /* THKeyboardCellConfig.m in Sources */ = {isa = PBXBuildFile; fileRef = 794FBCF61D45D78500055E21 /* THKeyboardCellConfig.m */; };
		794FBCFF1D45D78500055E21 /* THKeyboardCharTransformer.m in Sources */ = {isa = PBXBuildFile; fileRef = 794FBCF81D45D78500055E21 /* THKeyboardCharTransformer.m */; };
		794FBD001D45D78500055E21 /* THKeyboardConfig.m in Sources */ = {isa = PBXBuildFile; fileRef = 794FBCFA1D45D78500055E21 /* THKeyboardConfig.m */; };
		799878D11D6356D60038122F /* LaunchScreen.storyboard in Resources */ = {isa = PBXBuildFile; fileRef = 799878D01D6356D60038122F /* LaunchScreen.storyboard */; };
		79A762F91D28F4EA009C0859 /* THFileRW.m in Sources */ = {isa = PBXBuildFile; fileRef = 79A762F81D28F4EA009C0859 /* THFileRW.m */; };
		79C639061D7213C600CF09E8 /* THPlaylistsViewController.m in Sources */ = {isa = PBXBuildFile; fileRef = 79C639021D7213C600CF09E8 /* THPlaylistsViewController.m */; };
		79C639071D7213C700CF09E8 /* THPlayViewController.m in Sources */ = {isa = PBXBuildFile; fileRef = 79C639041D7213C600CF09E8 /* THPlayViewController.m */; };
		79C639081D7213C700CF09E8 /* THWordsViewController.m in Sources */ = {isa = PBXBuildFile; fileRef = 79C639051D7213C600CF09E8 /* THWordsViewController.m */; };
/* End PBXBuildFile section */

/* Begin PBXFileReference section */
		7922495B1D6CFC7700493AB5 /* THBasicTableViewController.h */ = {isa = PBXFileReference; lastKnownFileType = sourcecode.c.h; name = THBasicTableViewController.h; path = Classes/THBasicTableViewController.h; sourceTree = "<group>"; };
		7922495D1D6CFCD600493AB5 /* THTableViewModel.h */ = {isa = PBXFileReference; fileEncoding = 4; lastKnownFileType = sourcecode.c.h; name = THTableViewModel.h; path = Classes/Models/THTableViewModel.h; sourceTree = "<group>"; };
		7922495E1D6CFDE700493AB5 /* THBasicTableViewController.m */ = {isa = PBXFileReference; fileEncoding = 4; lastKnownFileType = sourcecode.c.objc; name = THBasicTableViewController.m; path = Classes/THBasicTableViewController.m; sourceTree = "<group>"; };
		79224C3A1D6DD28900493AB5 /* THPlayViewModel.h */ = {isa = PBXFileReference; fileEncoding = 4; lastKnownFileType = sourcecode.c.h; name = THPlayViewModel.h; path = Classes/Models/THPlayViewModel.h; sourceTree = "<group>"; };
		79224C3B1D6DD28900493AB5 /* THPlayViewModel.m */ = {isa = PBXFileReference; fileEncoding = 4; lastKnownFileType = sourcecode.c.objc; name = THPlayViewModel.m; path = Classes/Models/THPlayViewModel.m; sourceTree = "<group>"; };
		79224C3D1D6DDB7F00493AB5 /* THWordsViewModel.h */ = {isa = PBXFileReference; lastKnownFileType = sourcecode.c.h; name = THWordsViewModel.h; path = Classes/Models/THWordsViewModel.h; sourceTree = "<group>"; };
		79224C3E1D6DE47900493AB5 /* THPlaylistsViewModel.h */ = {isa = PBXFileReference; fileEncoding = 4; lastKnownFileType = sourcecode.c.h; name = THPlaylistsViewModel.h; path = Classes/Models/THPlaylistsViewModel.h; sourceTree = "<group>"; };
		79224C3F1D6DE47900493AB5 /* THPlaylistsViewModel.m */ = {isa = PBXFileReference; fileEncoding = 4; lastKnownFileType = sourcecode.c.objc; name = THPlaylistsViewModel.m; path = Classes/Models/THPlaylistsViewModel.m; sourceTree = "<group>"; };
		79224C401D6DE47900493AB5 /* THWordsViewModel.m */ = {isa = PBXFileReference; fileEncoding = 4; lastKnownFileType = sourcecode.c.objc; name = THWordsViewModel.m; path = Classes/Models/THWordsViewModel.m; sourceTree = "<group>"; };
		793B46D81D75C4E400376E20 /* THWordsManager.h */ = {isa = PBXFileReference; lastKnownFileType = sourcecode.c.h; name = THWordsManager.h; path = Classes/Backend/THWordsManager.h; sourceTree = "<group>"; };
		793B46D91D75C51F00376E20 /* THWordsManager.m */ = {isa = PBXFileReference; fileEncoding = 4; lastKnownFileType = sourcecode.c.objc; name = THWordsManager.m; path = Classes/Backend/THWordsManager.m; sourceTree = "<group>"; };
		793DD0171D69A0F90006B6D1 /* THMetadata.h */ = {isa = PBXFileReference; lastKnownFileType = sourcecode.c.h; name = THMetadata.h; path = Classes/Backend/THMetadata.h; sourceTree = "<group>"; };
		793DD0181D69A10B0006B6D1 /* THMetadata.m */ = {isa = PBXFileReference; fileEncoding = 4; lastKnownFileType = sourcecode.c.objc; name = THMetadata.m; path = Classes/Backend/THMetadata.m; sourceTree = "<group>"; };
		793DD01A1D69A5120006B6D1 /* THWord.h */ = {isa = PBXFileReference; lastKnownFileType = sourcecode.c.h; name = THWord.h; path = Classes/Backend/THWord.h; sourceTree = "<group>"; };
		793DD01B1D69A5220006B6D1 /* THWord.m */ = {isa = PBXFileReference; fileEncoding = 4; lastKnownFileType = sourcecode.c.objc; name = THWord.m; path = Classes/Backend/THWord.m; sourceTree = "<group>"; };
		793DD01D1D69AD160006B6D1 /* THPropertyList.h */ = {isa = PBXFileReference; lastKnownFileType = sourcecode.c.h; name = THPropertyList.h; path = Classes/Backend/THPropertyList.h; sourceTree = "<group>"; };
		794195461D4D82AE00918B38 /* main.m */ = {isa = PBXFileReference; fileEncoding = 4; lastKnownFileType = sourcecode.c.objc; name = main.m; path = "Supporting Files/main.m"; sourceTree = "<group>"; };
		794195481D4D82E200918B38 /* THAppDelegate.h */ = {isa = PBXFileReference; fileEncoding = 4; lastKnownFileType = sourcecode.c.h; name = THAppDelegate.h; path = Classes/THAppDelegate.h; sourceTree = "<group>"; };
		794195491D4D82E200918B38 /* THAppDelegate.m */ = {isa = PBXFileReference; fileEncoding = 4; lastKnownFileType = sourcecode.c.objc; name = THAppDelegate.m; path = Classes/THAppDelegate.m; sourceTree = "<group>"; };
		7941954B1D4D832700918B38 /* Assets.xcassets */ = {isa = PBXFileReference; lastKnownFileType = folder.assetcatalog; name = Assets.xcassets; path = "Supporting Files/Assets.xcassets"; sourceTree = "<group>"; };
		7941954D1D4D834000918B38 /* Info.plist */ = {isa = PBXFileReference; fileEncoding = 4; lastKnownFileType = text.plist.xml; name = Info.plist; path = "Supporting Files/Info.plist"; sourceTree = "<group>"; };
		79487B351D3A7EAA00FF42AA /* THFileCenter.h */ = {isa = PBXFileReference; lastKnownFileType = sourcecode.c.h; name = THFileCenter.h; path = Classes/Backend/THFileCenter.h; sourceTree = "<group>"; };
		79487B361D3A7EBD00FF42AA /* THFileCenter.m */ = {isa = PBXFileReference; fileEncoding = 4; lastKnownFileType = sourcecode.c.objc; name = THFileCenter.m; path = Classes/Backend/THFileCenter.m; sourceTree = "<group>"; };
		79487B381D3A8F7400FF42AA /* THPlaylist.h */ = {isa = PBXFileReference; lastKnownFileType = sourcecode.c.h; name = THPlaylist.h; path = Classes/Backend/THPlaylist.h; sourceTree = "<group>"; };
		79487B391D3A8F8500FF42AA /* THPlaylist.m */ = {isa = PBXFileReference; fileEncoding = 4; lastKnownFileType = sourcecode.c.objc; name = THPlaylist.m; path = Classes/Backend/THPlaylist.m; sourceTree = "<group>"; };
		79487B3B1D3A909100FF42AA /* THDepot.h */ = {isa = PBXFileReference; lastKnownFileType = sourcecode.c.h; name = THDepot.h; path = Classes/Backend/THDepot.h; sourceTree = "<group>"; };
		79487B3C1D3A90A000FF42AA /* THDepot.m */ = {isa = PBXFileReference; fileEncoding = 4; lastKnownFileType = sourcecode.c.objc; name = THDepot.m; path = Classes/Backend/THDepot.m; sourceTree = "<group>"; };
		79487B3E1D3BBFB000FF42AA /* THHelpers.h */ = {isa = PBXFileReference; lastKnownFileType = sourcecode.c.h; name = THHelpers.h; path = Classes/Shared/THHelpers.h; sourceTree = "<group>"; };
		79487B3F1D3C430F00FF42AA /* THHelpers.m */ = {isa = PBXFileReference; fileEncoding = 4; lastKnownFileType = sourcecode.c.objc; name = THHelpers.m; path = Classes/Shared/THHelpers.m; sourceTree = "<group>"; };
		794FBCF11D45D78500055E21 /* THKeyboard.h */ = {isa = PBXFileReference; fileEncoding = 4; lastKnownFileType = sourcecode.c.h; name = THKeyboard.h; path = Classes/Keyboard/THKeyboard.h; sourceTree = "<group>"; };
		794FBCF21D45D78500055E21 /* THKeyboard.m */ = {isa = PBXFileReference; fileEncoding = 4; lastKnownFileType = sourcecode.c.objc; name = THKeyboard.m; path = Classes/Keyboard/THKeyboard.m; sourceTree = "<group>"; };
		794FBCF31D45D78500055E21 /* THKeyboardCell.h */ = {isa = PBXFileReference; fileEncoding = 4; lastKnownFileType = sourcecode.c.h; name = THKeyboardCell.h; path = Classes/Keyboard/THKeyboardCell.h; sourceTree = "<group>"; };
		794FBCF41D45D78500055E21 /* THKeyboardCell.m */ = {isa = PBXFileReference; fileEncoding = 4; lastKnownFileType = sourcecode.c.objc; name = THKeyboardCell.m; path = Classes/Keyboard/THKeyboardCell.m; sourceTree = "<group>"; };
		794FBCF51D45D78500055E21 /* THKeyboardCellConfig.h */ = {isa = PBXFileReference; fileEncoding = 4; lastKnownFileType = sourcecode.c.h; name = THKeyboardCellConfig.h; path = Classes/Keyboard/THKeyboardCellConfig.h; sourceTree = "<group>"; };
		794FBCF61D45D78500055E21 /* THKeyboardCellConfig.m */ = {isa = PBXFileReference; fileEncoding = 4; lastKnownFileType = sourcecode.c.objc; name = THKeyboardCellConfig.m; path = Classes/Keyboard/THKeyboardCellConfig.m; sourceTree = "<group>"; };
		794FBCF71D45D78500055E21 /* THKeyboardCharTransformer.h */ = {isa = PBXFileReference; fileEncoding = 4; lastKnownFileType = sourcecode.c.h; name = THKeyboardCharTransformer.h; path = Classes/Keyboard/THKeyboardCharTransformer.h; sourceTree = "<group>"; };
		794FBCF81D45D78500055E21 /* THKeyboardCharTransformer.m */ = {isa = PBXFileReference; fileEncoding = 4; lastKnownFileType = sourcecode.c.objc; name = THKeyboardCharTransformer.m; path = Classes/Keyboard/THKeyboardCharTransformer.m; sourceTree = "<group>"; };
		794FBCF91D45D78500055E21 /* THKeyboardConfig.h */ = {isa = PBXFileReference; fileEncoding = 4; lastKnownFileType = sourcecode.c.h; name = THKeyboardConfig.h; path = Classes/Keyboard/THKeyboardConfig.h; sourceTree = "<group>"; };
		794FBCFA1D45D78500055E21 /* THKeyboardConfig.m */ = {isa = PBXFileReference; fileEncoding = 4; lastKnownFileType = sourcecode.c.objc; name = THKeyboardConfig.m; path = Classes/Keyboard/THKeyboardConfig.m; sourceTree = "<group>"; };
		794FBCFB1D45D78500055E21 /* THKeyboardJaConstants.h */ = {isa = PBXFileReference; fileEncoding = 4; lastKnownFileType = sourcecode.c.h; name = THKeyboardJaConstants.h; path = Classes/Keyboard/THKeyboardJaConstants.h; sourceTree = "<group>"; };
		799878D01D6356D60038122F /* LaunchScreen.storyboard */ = {isa = PBXFileReference; fileEncoding = 4; lastKnownFileType = file.storyboard; name = LaunchScreen.storyboard; path = "Supporting Files/LaunchScreen.storyboard"; sourceTree = "<group>"; };
		79A7608C1D23058E009C0859 /* TangoHelper.app */ = {isa = PBXFileReference; explicitFileType = wrapper.application; includeInIndex = 0; path = TangoHelper.app; sourceTree = BUILT_PRODUCTS_DIR; };
		79A762F81D28F4EA009C0859 /* THFileRW.m */ = {isa = PBXFileReference; fileEncoding = 4; lastKnownFileType = sourcecode.c.objc; name = THFileRW.m; path = Classes/Backend/THFileRW.m; sourceTree = "<group>"; };
		79A762FA1D28F517009C0859 /* THFileRW.h */ = {isa = PBXFileReference; lastKnownFileType = sourcecode.c.h; name = THFileRW.h; path = Classes/Backend/THFileRW.h; sourceTree = "<group>"; };
		79A78D991D357E77009C0859 /* THStrings.h */ = {isa = PBXFileReference; lastKnownFileType = sourcecode.c.h; name = THStrings.h; path = Classes/Shared/THStrings.h; sourceTree = "<group>"; };
		79C639001D7212ED00CF09E8 /* THWordsViewController.h */ = {isa = PBXFileReference; lastKnownFileType = sourcecode.c.h; name = THWordsViewController.h; path = Classes/THWordsViewController.h; sourceTree = "<group>"; };
		79C639011D7213C600CF09E8 /* THPlaylistsViewController.h */ = {isa = PBXFileReference; fileEncoding = 4; lastKnownFileType = sourcecode.c.h; name = THPlaylistsViewController.h; path = Classes/THPlaylistsViewController.h; sourceTree = "<group>"; };
		79C639021D7213C600CF09E8 /* THPlaylistsViewController.m */ = {isa = PBXFileReference; fileEncoding = 4; lastKnownFileType = sourcecode.c.objc; name = THPlaylistsViewController.m; path = Classes/THPlaylistsViewController.m; sourceTree = "<group>"; };
		79C639031D7213C600CF09E8 /* THPlayViewController.h */ = {isa = PBXFileReference; fileEncoding = 4; lastKnownFileType = sourcecode.c.h; name = THPlayViewController.h; path = Classes/THPlayViewController.h; sourceTree = "<group>"; };
		79C639041D7213C600CF09E8 /* THPlayViewController.m */ = {isa = PBXFileReference; fileEncoding = 4; lastKnownFileType = sourcecode.c.objc; name = THPlayViewController.m; path = Classes/THPlayViewController.m; sourceTree = "<group>"; };
		79C639051D7213C600CF09E8 /* THWordsViewController.m */ = {isa = PBXFileReference; fileEncoding = 4; lastKnownFileType = sourcecode.c.objc; name = THWordsViewController.m; path = Classes/THWordsViewController.m; sourceTree = "<group>"; };
/* End PBXFileReference section */

/* Begin PBXFrameworksBuildPhase section */
		79A760891D23058E009C0859 /* Frameworks */ = {
			isa = PBXFrameworksBuildPhase;
			buildActionMask = 2147483647;
			files = (
			);
			runOnlyForDeploymentPostprocessing = 0;
		};
/* End PBXFrameworksBuildPhase section */

/* Begin PBXGroup section */
		7922495C1D6CFCA500493AB5 /* Models */ = {
			isa = PBXGroup;
			children = (
				79224C3D1D6DDB7F00493AB5 /* THWordsViewModel.h */,
				79224C401D6DE47900493AB5 /* THWordsViewModel.m */,
				79224C3E1D6DE47900493AB5 /* THPlaylistsViewModel.h */,
				79224C3F1D6DE47900493AB5 /* THPlaylistsViewModel.m */,
				79224C3A1D6DD28900493AB5 /* THPlayViewModel.h */,
				79224C3B1D6DD28900493AB5 /* THPlayViewModel.m */,
				7922495D1D6CFCD600493AB5 /* THTableViewModel.h */,
			);
			name = Models;
			sourceTree = "<group>";
		};
		794FBCF01D45D76D00055E21 /* Keyboard */ = {
			isa = PBXGroup;
			children = (
				794FBCF11D45D78500055E21 /* THKeyboard.h */,
				794FBCF21D45D78500055E21 /* THKeyboard.m */,
				794FBCF31D45D78500055E21 /* THKeyboardCell.h */,
				794FBCF41D45D78500055E21 /* THKeyboardCell.m */,
				794FBCF51D45D78500055E21 /* THKeyboardCellConfig.h */,
				794FBCF61D45D78500055E21 /* THKeyboardCellConfig.m */,
				794FBCF91D45D78500055E21 /* THKeyboardConfig.h */,
				794FBCFA1D45D78500055E21 /* THKeyboardConfig.m */,
				794FBCF71D45D78500055E21 /* THKeyboardCharTransformer.h */,
				794FBCF81D45D78500055E21 /* THKeyboardCharTransformer.m */,
				794FBCFB1D45D78500055E21 /* THKeyboardJaConstants.h */,
			);
			name = Keyboard;
			sourceTree = "<group>";
		};
		79A760831D23058E009C0859 = {
			isa = PBXGroup;
			children = (
				79A7608E1D23058E009C0859 /* TangoHelper */,
				79A7608D1D23058E009C0859 /* Products */,
			);
			sourceTree = "<group>";
		};
		79A7608D1D23058E009C0859 /* Products */ = {
			isa = PBXGroup;
			children = (
				79A7608C1D23058E009C0859 /* TangoHelper.app */,
			);
			name = Products;
			sourceTree = "<group>";
		};
		79A7608E1D23058E009C0859 /* TangoHelper */ = {
			isa = PBXGroup;
			children = (
				79A761C71D24518F009C0859 /* Classes */,
				79A7608F1D23058E009C0859 /* Supporting Files */,
			);
			path = TangoHelper;
			sourceTree = "<group>";
		};
		79A7608F1D23058E009C0859 /* Supporting Files */ = {
			isa = PBXGroup;
			children = (
				7941954D1D4D834000918B38 /* Info.plist */,
				7941954B1D4D832700918B38 /* Assets.xcassets */,
				794195461D4D82AE00918B38 /* main.m */,
				799878D01D6356D60038122F /* LaunchScreen.storyboard */,
			);
			name = "Supporting Files";
			sourceTree = "<group>";
		};
		79A761C71D24518F009C0859 /* Classes */ = {
			isa = PBXGroup;
			children = (
				79A762F61D287375009C0859 /* Backend */,
				79A761C81D2451D1009C0859 /* Shared */,
				794FBCF01D45D76D00055E21 /* Keyboard */,
				7922495C1D6CFCA500493AB5 /* Models */,
				794195481D4D82E200918B38 /* THAppDelegate.h */,
				794195491D4D82E200918B38 /* THAppDelegate.m */,
				7922495B1D6CFC7700493AB5 /* THBasicTableViewController.h */,
				7922495E1D6CFDE700493AB5 /* THBasicTableViewController.m */,
				79C639011D7213C600CF09E8 /* THPlaylistsViewController.h */,
				79C639021D7213C600CF09E8 /* THPlaylistsViewController.m */,
				79C639031D7213C600CF09E8 /* THPlayViewController.h */,
				79C639041D7213C600CF09E8 /* THPlayViewController.m */,
				79C639001D7212ED00CF09E8 /* THWordsViewController.h */,
				79C639051D7213C600CF09E8 /* THWordsViewController.m */,
			);
			name = Classes;
			sourceTree = "<group>";
		};
		79A761C81D2451D1009C0859 /* Shared */ = {
			isa = PBXGroup;
			children = (
				79487B3E1D3BBFB000FF42AA /* THHelpers.h */,
				79487B3F1D3C430F00FF42AA /* THHelpers.m */,
				79A78D991D357E77009C0859 /* THStrings.h */,
			);
			name = Shared;
			sourceTree = "<group>";
		};
		79A762F61D287375009C0859 /* Backend */ = {
			isa = PBXGroup;
			children = (
				79487B3B1D3A909100FF42AA /* THDepot.h */,
				79487B3C1D3A90A000FF42AA /* THDepot.m */,
				79487B351D3A7EAA00FF42AA /* THFileCenter.h */,
				79487B361D3A7EBD00FF42AA /* THFileCenter.m */,
				79A762FA1D28F517009C0859 /* THFileRW.h */,
				79A762F81D28F4EA009C0859 /* THFileRW.m */,
				793B46D81D75C4E400376E20 /* THWordsManager.h */,
				793B46D91D75C51F00376E20 /* THWordsManager.m */,
				793DD0171D69A0F90006B6D1 /* THMetadata.h */,
				793DD0181D69A10B0006B6D1 /* THMetadata.m */,
				79487B381D3A8F7400FF42AA /* THPlaylist.h */,
				79487B391D3A8F8500FF42AA /* THPlaylist.m */,
				793DD01D1D69AD160006B6D1 /* THPropertyList.h */,
				793DD01A1D69A5120006B6D1 /* THWord.h */,
				793DD01B1D69A5220006B6D1 /* THWord.m */,
			);
			name = Backend;
			sourceTree = "<group>";
		};
/* End PBXGroup section */

/* Begin PBXNativeTarget section */
		79A7608B1D23058E009C0859 /* TangoHelper */ = {
			isa = PBXNativeTarget;
			buildConfigurationList = 79A760A31D23058E009C0859 /* Build configuration list for PBXNativeTarget "TangoHelper" */;
			buildPhases = (
				79A760881D23058E009C0859 /* Sources */,
				79A760891D23058E009C0859 /* Frameworks */,
				79A7608A1D23058E009C0859 /* Resources */,
			);
			buildRules = (
			);
			dependencies = (
			);
			name = TangoHelper;
			productName = TangoHelper;
			productReference = 79A7608C1D23058E009C0859 /* TangoHelper.app */;
			productType = "com.apple.product-type.application";
		};
/* End PBXNativeTarget section */

/* Begin PBXProject section */
		79A760841D23058E009C0859 /* Project object */ = {
			isa = PBXProject;
			attributes = {
				LastUpgradeCheck = 0800;
				ORGANIZATIONNAME = "Kaikai Zhu";
				TargetAttributes = {
					79A7608B1D23058E009C0859 = {
						CreatedOnToolsVersion = 7.3.1;
						DevelopmentTeam = PNK26M7ANE;
					};
				};
			};
			buildConfigurationList = 79A760871D23058E009C0859 /* Build configuration list for PBXProject "TangoHelper" */;
			compatibilityVersion = "Xcode 3.2";
			developmentRegion = English;
			hasScannedForEncodings = 0;
			knownRegions = (
				en,
				Base,
			);
			mainGroup = 79A760831D23058E009C0859;
			productRefGroup = 79A7608D1D23058E009C0859 /* Products */;
			projectDirPath = "";
			projectRoot = "";
			targets = (
				79A7608B1D23058E009C0859 /* TangoHelper */,
			);
		};
/* End PBXProject section */

/* Begin PBXResourcesBuildPhase section */
		79A7608A1D23058E009C0859 /* Resources */ = {
			isa = PBXResourcesBuildPhase;
			buildActionMask = 2147483647;
			files = (
				799878D11D6356D60038122F /* LaunchScreen.storyboard in Resources */,
				7941954C1D4D832700918B38 /* Assets.xcassets in Resources */,
			);
			runOnlyForDeploymentPostprocessing = 0;
		};
/* End PBXResourcesBuildPhase section */

/* Begin PBXSourcesBuildPhase section */
		79A760881D23058E009C0859 /* Sources */ = {
			isa = PBXSourcesBuildPhase;
			buildActionMask = 2147483647;
			files = (
				79224C421D6DE47900493AB5 /* THWordsViewModel.m in Sources */,
				79C639071D7213C700CF09E8 /* THPlayViewController.m in Sources */,
				794FBD001D45D78500055E21 /* THKeyboardConfig.m in Sources */,
				79224C411D6DE47900493AB5 /* THPlaylistsViewModel.m in Sources */,
				794500391D774D7C00A9C491 /* THPlayViewModel.m in Sources */,
				793DD01C1D69A5220006B6D1 /* THWord.m in Sources */,
				794FBCFC1D45D78500055E21 /* THKeyboard.m in Sources */,
				7941954A1D4D82E200918B38 /* THAppDelegate.m in Sources */,
				79487B371D3A7EBD00FF42AA /* THFileCenter.m in Sources */,
				79487B3D1D3A90A000FF42AA /* THDepot.m in Sources */,
				79487B3A1D3A8F8500FF42AA /* THPlaylist.m in Sources */,
				794FBCFE1D45D78500055E21 /* THKeyboardCellConfig.m in Sources */,
				79487B401D3C430F00FF42AA /* THHelpers.m in Sources */,
				794FBCFD1D45D78500055E21 /* THKeyboardCell.m in Sources */,
				79C639081D7213C700CF09E8 /* THWordsViewController.m in Sources */,
				79A762F91D28F4EA009C0859 /* THFileRW.m in Sources */,
				794195471D4D82AE00918B38 /* main.m in Sources */,
				7922495F1D6CFDE700493AB5 /* THBasicTableViewController.m in Sources */,
				793DD0191D69A10B0006B6D1 /* THMetadata.m in Sources */,
				794FBCFF1D45D78500055E21 /* THKeyboardCharTransformer.m in Sources */,
				793B46DA1D75C51F00376E20 /* THWordsManager.m in Sources */,
				79C639061D7213C600CF09E8 /* THPlaylistsViewController.m in Sources */,
			);
			runOnlyForDeploymentPostprocessing = 0;
		};
/* End PBXSourcesBuildPhase section */

/* Begin XCBuildConfiguration section */
		79A760A11D23058E009C0859 /* Debug */ = {
			isa = XCBuildConfiguration;
			buildSettings = {
				ALWAYS_SEARCH_USER_PATHS = NO;
				CLANG_ANALYZER_NONNULL = YES;
				CLANG_CXX_LANGUAGE_STANDARD = "gnu++0x";
				CLANG_CXX_LIBRARY = "libc++";
				CLANG_ENABLE_MODULES = YES;
				CLANG_ENABLE_OBJC_ARC = YES;
				CLANG_WARN_BOOL_CONVERSION = YES;
				CLANG_WARN_CONSTANT_CONVERSION = YES;
				CLANG_WARN_DIRECT_OBJC_ISA_USAGE = YES_ERROR;
				CLANG_WARN_EMPTY_BODY = YES;
				CLANG_WARN_ENUM_CONVERSION = YES;
				CLANG_WARN_INFINITE_RECURSION = YES;
				CLANG_WARN_INT_CONVERSION = YES;
				CLANG_WARN_OBJC_ROOT_CLASS = YES_ERROR;
				CLANG_WARN_SUSPICIOUS_MOVE = YES;
				CLANG_WARN_UNREACHABLE_CODE = YES;
				CLANG_WARN__DUPLICATE_METHOD_MATCH = YES;
				"CODE_SIGN_IDENTITY[sdk=iphoneos*]" = "";
				COPY_PHASE_STRIP = NO;
				DEBUG_INFORMATION_FORMAT = dwarf;
				ENABLE_STRICT_OBJC_MSGSEND = YES;
				ENABLE_TESTABILITY = YES;
				GCC_C_LANGUAGE_STANDARD = gnu99;
				GCC_DYNAMIC_NO_PIC = NO;
				GCC_NO_COMMON_BLOCKS = YES;
				GCC_OPTIMIZATION_LEVEL = 0;
				GCC_PREPROCESSOR_DEFINITIONS = (
					"DEBUG=1",
					"$(inherited)",
				);
				GCC_WARN_64_TO_32_BIT_CONVERSION = YES;
				GCC_WARN_ABOUT_RETURN_TYPE = YES_ERROR;
				GCC_WARN_UNDECLARED_SELECTOR = YES;
				GCC_WARN_UNINITIALIZED_AUTOS = YES_AGGRESSIVE;
				GCC_WARN_UNUSED_FUNCTION = YES;
				GCC_WARN_UNUSED_VARIABLE = YES;
				IPHONEOS_DEPLOYMENT_TARGET = 9.0;
				MTL_ENABLE_DEBUG_INFO = YES;
				ONLY_ACTIVE_ARCH = YES;
				PROVISIONING_PROFILE = "";
				SDKROOT = iphoneos;
				TARGETED_DEVICE_FAMILY = "1,2";
			};
			name = Debug;
		};
		79A760A21D23058E009C0859 /* Release */ = {
			isa = XCBuildConfiguration;
			buildSettings = {
				ALWAYS_SEARCH_USER_PATHS = NO;
				CLANG_ANALYZER_NONNULL = YES;
				CLANG_CXX_LANGUAGE_STANDARD = "gnu++0x";
				CLANG_CXX_LIBRARY = "libc++";
				CLANG_ENABLE_MODULES = YES;
				CLANG_ENABLE_OBJC_ARC = YES;
				CLANG_WARN_BOOL_CONVERSION = YES;
				CLANG_WARN_CONSTANT_CONVERSION = YES;
				CLANG_WARN_DIRECT_OBJC_ISA_USAGE = YES_ERROR;
				CLANG_WARN_EMPTY_BODY = YES;
				CLANG_WARN_ENUM_CONVERSION = YES;
				CLANG_WARN_INFINITE_RECURSION = YES;
				CLANG_WARN_INT_CONVERSION = YES;
				CLANG_WARN_OBJC_ROOT_CLASS = YES_ERROR;
				CLANG_WARN_SUSPICIOUS_MOVE = YES;
				CLANG_WARN_UNREACHABLE_CODE = YES;
				CLANG_WARN__DUPLICATE_METHOD_MATCH = YES;
				"CODE_SIGN_IDENTITY[sdk=iphoneos*]" = "";
				COPY_PHASE_STRIP = NO;
				DEBUG_INFORMATION_FORMAT = "dwarf-with-dsym";
				ENABLE_NS_ASSERTIONS = NO;
				ENABLE_STRICT_OBJC_MSGSEND = YES;
				GCC_C_LANGUAGE_STANDARD = gnu99;
				GCC_NO_COMMON_BLOCKS = YES;
				GCC_WARN_64_TO_32_BIT_CONVERSION = YES;
				GCC_WARN_ABOUT_RETURN_TYPE = YES_ERROR;
				GCC_WARN_UNDECLARED_SELECTOR = YES;
				GCC_WARN_UNINITIALIZED_AUTOS = YES_AGGRESSIVE;
				GCC_WARN_UNUSED_FUNCTION = YES;
				GCC_WARN_UNUSED_VARIABLE = YES;
				IPHONEOS_DEPLOYMENT_TARGET = 9.0;
				MTL_ENABLE_DEBUG_INFO = NO;
				PROVISIONING_PROFILE = "";
				SDKROOT = iphoneos;
				TARGETED_DEVICE_FAMILY = "1,2";
				VALIDATE_PRODUCT = YES;
			};
			name = Release;
		};
		79A760A41D23058E009C0859 /* Debug */ = {
			isa = XCBuildConfiguration;
			buildSettings = {
				ASSETCATALOG_COMPILER_APPICON_NAME = AppIcon;
				CODE_SIGN_IDENTITY = "iPhone Developer";
				"CODE_SIGN_IDENTITY[sdk=iphoneos*]" = "iPhone Developer";
				INFOPLIST_FILE = "TangoHelper/Supporting Files/Info.plist";
				LD_RUNPATH_SEARCH_PATHS = "$(inherited) @executable_path/Frameworks";
				PRODUCT_BUNDLE_IDENTIFIER = com.kaikaizhu.TangoHelper;
				PRODUCT_NAME = "$(TARGET_NAME)";
				PROVISIONING_PROFILE = "";
				TARGETED_DEVICE_FAMILY = 1;
			};
			name = Debug;
		};
		79A760A51D23058E009C0859 /* Release */ = {
			isa = XCBuildConfiguration;
			buildSettings = {
				ASSETCATALOG_COMPILER_APPICON_NAME = AppIcon;
				CODE_SIGN_IDENTITY = "iPhone Developer";
				"CODE_SIGN_IDENTITY[sdk=iphoneos*]" = "iPhone Developer";
				INFOPLIST_FILE = "TangoHelper/Supporting Files/Info.plist";
				LD_RUNPATH_SEARCH_PATHS = "$(inherited) @executable_path/Frameworks";
				PRODUCT_BUNDLE_IDENTIFIER = com.kaikaizhu.TangoHelper;
				PRODUCT_NAME = "$(TARGET_NAME)";
				PROVISIONING_PROFILE = "";
				TARGETED_DEVICE_FAMILY = 1;
			};
			name = Release;
		};
/* End XCBuildConfiguration section */

/* Begin XCConfigurationList section */
		79A760871D23058E009C0859 /* Build configuration list for PBXProject "TangoHelper" */ = {
			isa = XCConfigurationList;
			buildConfigurations = (
				79A760A11D23058E009C0859 /* Debug */,
				79A760A21D23058E009C0859 /* Release */,
			);
			defaultConfigurationIsVisible = 0;
			defaultConfigurationName = Release;
		};
		79A760A31D23058E009C0859 /* Build configuration list for PBXNativeTarget "TangoHelper" */ = {
			isa = XCConfigurationList;
			buildConfigurations = (
				79A760A41D23058E009C0859 /* Debug */,
				79A760A51D23058E009C0859 /* Release */,
			);
			defaultConfigurationIsVisible = 0;
			defaultConfigurationName = Release;
		};
/* End XCConfigurationList section */
	};
	rootObject = 79A760841D23058E009C0859 /* Project object */;
}
